
Microsoft Visual Studio Solution File, Format Version 12.00
# Visual Studio Version 17
VisualStudioVersion = 17.2.32630.192
MinimumVisualStudioVersion = 10.0.40219.1
Project("{9A19103F-16F7-4668-BE54-9A1E7A4F7556}") = "R5T.O0010.Construction", "R5T.O0010.Construction\R5T.O0010.Construction.csproj", "{EBF46BFC-7F4A-4D8B-83C0-8C29319457EC}"
EndProject
Project("{9A19103F-16F7-4668-BE54-9A1E7A4F7556}") = "R5T.O0010", "R5T.O0010\R5T.O0010.csproj", "{D6F8FB07-4B04-4C60-8CC6-F3CBF9F2972E}"
EndProject
Project("{2150E333-8FDC-42A3-9474-1A3956D46DE8}") = "_Dependencies", "_Dependencies", "{8D809AC9-34AC-41FD-BD59-BFEB7C165EFF}"
EndProject
Project("{9A19103F-16F7-4668-BE54-9A1E7A4F7556}") = "R5T.O0011", "..\..\R5T.O0011\source\R5T.O0011\R5T.O0011.csproj", "{55C3E188-6D40-4675-B3D3-7B12B9AAC7B7}"
EndProject
Project("{9A19103F-16F7-4668-BE54-9A1E7A4F7556}") = "R5T.O0012", "..\..\R5T.O0012\source\R5T.O0012\R5T.O0012.csproj", "{FBA85996-9BC7-44EB-97F0-1FEC1DCDE27C}"
EndProject
Global
	GlobalSection(NestedProjects) = preSolution
		{55C3E188-6D40-4675-B3D3-7B12B9AAC7B7} = {8D809AC9-34AC-41FD-BD59-BFEB7C165EFF}
		{FBA85996-9BC7-44EB-97F0-1FEC1DCDE27C} = {8D809AC9-34AC-41FD-BD59-BFEB7C165EFF}
	EndGlobalSection
	GlobalSection(SolutionConfigurationPlatforms) = preSolution
		Debug|Any CPU = Debug|Any CPU
		Release|Any CPU = Release|Any CPU
	EndGlobalSection
	GlobalSection(ProjectConfigurationPlatforms) = postSolution
		{EBF46BFC-7F4A-4D8B-83C0-8C29319457EC}.Debug|Any CPU.ActiveCfg = Debug|Any CPU
		{EBF46BFC-7F4A-4D8B-83C0-8C29319457EC}.Debug|Any CPU.Build.0 = Debug|Any CPU
		{EBF46BFC-7F4A-4D8B-83C0-8C29319457EC}.Release|Any CPU.ActiveCfg = Release|Any CPU
		{EBF46BFC-7F4A-4D8B-83C0-8C29319457EC}.Release|Any CPU.Build.0 = Release|Any CPU
		{D6F8FB07-4B04-4C60-8CC6-F3CBF9F2972E}.Debug|Any CPU.ActiveCfg = Debug|Any CPU
		{D6F8FB07-4B04-4C60-8CC6-F3CBF9F2972E}.Debug|Any CPU.Build.0 = Debug|Any CPU
		{D6F8FB07-4B04-4C60-8CC6-F3CBF9F2972E}.Release|Any CPU.ActiveCfg = Release|Any CPU
		{D6F8FB07-4B04-4C60-8CC6-F3CBF9F2972E}.Release|Any CPU.Build.0 = Release|Any CPU
		{55C3E188-6D40-4675-B3D3-7B12B9AAC7B7}.Debug|Any CPU.ActiveCfg = Debug|Any CPU
		{55C3E188-6D40-4675-B3D3-7B12B9AAC7B7}.Debug|Any CPU.Build.0 = Debug|Any CPU
		{55C3E188-6D40-4675-B3D3-7B12B9AAC7B7}.Release|Any CPU.ActiveCfg = Release|Any CPU
		{55C3E188-6D40-4675-B3D3-7B12B9AAC7B7}.Release|Any CPU.Build.0 = Release|Any CPU
		{FBA85996-9BC7-44EB-97F0-1FEC1DCDE27C}.Debug|Any CPU.ActiveCfg = Debug|Any CPU
		{FBA85996-9BC7-44EB-97F0-1FEC1DCDE27C}.Debug|Any CPU.Build.0 = Debug|Any CPU
		{FBA85996-9BC7-44EB-97F0-1FEC1DCDE27C}.Release|Any CPU.ActiveCfg = Release|Any CPU
		{FBA85996-9BC7-44EB-97F0-1FEC1DCDE27C}.Release|Any CPU.Build.0 = Release|Any CPU
	EndGlobalSection
	GlobalSection(SolutionProperties) = preSolution
		HideSolutionNode = FALSE
	EndGlobalSection
	GlobalSection(ExtensibilityGlobals) = postSolution
		SolutionGuid = {261DF40F-62D2-472B-ABAE-3A1B4591DB16}
	EndGlobalSection
EndGlobal
